
Microsoft Visual Studio Solution File, Format Version 12.00
# Visual Studio Version 17
VisualStudioVersion = 17.11.35312.102
MinimumVisualStudioVersion = 10.0.40219.1
Project("{9A19103F-16F7-4668-BE54-9A1E7A4F7556}") = "GestionLaverie.Domaine", "GestionLaverie.Domaine\GestionLaverie.Domaine.csproj", "{92DC51FE-7229-4E1C-9043-E9F281683FA8}"
EndProject
Project("{9A19103F-16F7-4668-BE54-9A1E7A4F7556}") = "GestionLaverie.WebAPI", "GestionLaverie.WebAPI\GestionLaverie.WebAPI.csproj", "{08A57318-6E2E-4137-934D-1086F40BD904}"
EndProject
Project("{FAE04EC0-301F-11D3-BF4B-00C04F79EFBC}") = "GestionLaverie.Simulateur", "GestionLaverie.Simulateur\GestionLaverie.Simulateur.csproj", "{153B98BC-0866-4966-A7C1-10C63923CD2D}"
EndProject
Global
	GlobalSection(SolutionConfigurationPlatforms) = preSolution
		Debug|Any CPU = Debug|Any CPU
		Release|Any CPU = Release|Any CPU
	EndGlobalSection
	GlobalSection(ProjectConfigurationPlatforms) = postSolution
		{92DC51FE-7229-4E1C-9043-E9F281683FA8}.Debug|Any CPU.ActiveCfg = Debug|Any CPU
		{92DC51FE-7229-4E1C-9043-E9F281683FA8}.Debug|Any CPU.Build.0 = Debug|Any CPU
		{92DC51FE-7229-4E1C-9043-E9F281683FA8}.Release|Any CPU.ActiveCfg = Release|Any CPU
		{92DC51FE-7229-4E1C-9043-E9F281683FA8}.Release|Any CPU.Build.0 = Release|Any CPU
		{08A57318-6E2E-4137-934D-1086F40BD904}.Debug|Any CPU.ActiveCfg = Debug|Any CPU
		{08A57318-6E2E-4137-934D-1086F40BD904}.Debug|Any CPU.Build.0 = Debug|Any CPU
		{08A57318-6E2E-4137-934D-1086F40BD904}.Release|Any CPU.ActiveCfg = Release|Any CPU
		{08A57318-6E2E-4137-934D-1086F40BD904}.Release|Any CPU.Build.0 = Release|Any CPU
		{153B98BC-0866-4966-A7C1-10C63923CD2D}.Debug|Any CPU.ActiveCfg = Debug|Any CPU
		{153B98BC-0866-4966-A7C1-10C63923CD2D}.Debug|Any CPU.Build.0 = Debug|Any CPU
		{153B98BC-0866-4966-A7C1-10C63923CD2D}.Release|Any CPU.ActiveCfg = Release|Any CPU
		{153B98BC-0866-4966-A7C1-10C63923CD2D}.Release|Any CPU.Build.0 = Release|Any CPU
	EndGlobalSection
	GlobalSection(SolutionProperties) = preSolution
		HideSolutionNode = FALSE
	EndGlobalSection
	GlobalSection(ExtensibilityGlobals) = postSolution
		SolutionGuid = {992BCD38-5908-4326-946F-0F58AB16D7A8}
	EndGlobalSection
EndGlobal
